
Microsoft Visual Studio Solution File, Format Version 12.00
# Visual Studio Version 17
VisualStudioVersion = 17.9.34728.123
MinimumVisualStudioVersion = 10.0.40219.1
Project("{FAE04EC0-301F-11D3-BF4B-00C04F79EFBC}") = "TimeFlow.Api", "TimeFlow.Api\TimeFlow.Api.csproj", "{61A66F25-CFE2-4A7F-BFC0-245B77D1BEE4}"
EndProject
Project("{FAE04EC0-301F-11D3-BF4B-00C04F79EFBC}") = "TimeFlow.Domain", "TimeFlow.Domain\TimeFlow.Domain.csproj", "{C661FBC4-C72F-4820-B142-E6A2320BFDD0}"
EndProject
Project("{FAE04EC0-301F-11D3-BF4B-00C04F79EFBC}") = "TimeFlow.Application", "TimeFlow.Application\TimeFlow.Application.csproj", "{3B06C10C-C1B6-4305-BDA0-84A5A55EEF97}"
EndProject
Project("{FAE04EC0-301F-11D3-BF4B-00C04F79EFBC}") = "TimeFlow.Infrastructure", "TimeFlow.Infrastructure\TimeFlow.Infrastructure.csproj", "{7F63EDBB-667B-4F73-AEC7-15169FAC8EBE}"
EndProject
Project("{FAE04EC0-301F-11D3-BF4B-00C04F79EFBC}") = "TimeFlow.SharedKernel", "TimeFlow.SharedKernel\TimeFlow.SharedKernel.csproj", "{4C0A5574-E75A-46B9-89E8-B454CFEB14CC}"
EndProject
Global
	GlobalSection(SolutionConfigurationPlatforms) = preSolution
		Debug|Any CPU = Debug|Any CPU
		Release|Any CPU = Release|Any CPU
	EndGlobalSection
	GlobalSection(ProjectConfigurationPlatforms) = postSolution
		{61A66F25-CFE2-4A7F-BFC0-245B77D1BEE4}.Debug|Any CPU.ActiveCfg = Debug|Any CPU
		{61A66F25-CFE2-4A7F-BFC0-245B77D1BEE4}.Debug|Any CPU.Build.0 = Debug|Any CPU
		{61A66F25-CFE2-4A7F-BFC0-245B77D1BEE4}.Release|Any CPU.ActiveCfg = Release|Any CPU
		{61A66F25-CFE2-4A7F-BFC0-245B77D1BEE4}.Release|Any CPU.Build.0 = Release|Any CPU
		{C661FBC4-C72F-4820-B142-E6A2320BFDD0}.Debug|Any CPU.ActiveCfg = Debug|Any CPU
		{C661FBC4-C72F-4820-B142-E6A2320BFDD0}.Debug|Any CPU.Build.0 = Debug|Any CPU
		{C661FBC4-C72F-4820-B142-E6A2320BFDD0}.Release|Any CPU.ActiveCfg = Release|Any CPU
		{C661FBC4-C72F-4820-B142-E6A2320BFDD0}.Release|Any CPU.Build.0 = Release|Any CPU
		{3B06C10C-C1B6-4305-BDA0-84A5A55EEF97}.Debug|Any CPU.ActiveCfg = Debug|Any CPU
		{3B06C10C-C1B6-4305-BDA0-84A5A55EEF97}.Debug|Any CPU.Build.0 = Debug|Any CPU
		{3B06C10C-C1B6-4305-BDA0-84A5A55EEF97}.Release|Any CPU.ActiveCfg = Release|Any CPU
		{3B06C10C-C1B6-4305-BDA0-84A5A55EEF97}.Release|Any CPU.Build.0 = Release|Any CPU
		{7F63EDBB-667B-4F73-AEC7-15169FAC8EBE}.Debug|Any CPU.ActiveCfg = Debug|Any CPU
		{7F63EDBB-667B-4F73-AEC7-15169FAC8EBE}.Debug|Any CPU.Build.0 = Debug|Any CPU
		{7F63EDBB-667B-4F73-AEC7-15169FAC8EBE}.Release|Any CPU.ActiveCfg = Release|Any CPU
		{7F63EDBB-667B-4F73-AEC7-15169FAC8EBE}.Release|Any CPU.Build.0 = Release|Any CPU
		{4C0A5574-E75A-46B9-89E8-B454CFEB14CC}.Debug|Any CPU.ActiveCfg = Debug|Any CPU
		{4C0A5574-E75A-46B9-89E8-B454CFEB14CC}.Debug|Any CPU.Build.0 = Debug|Any CPU
		{4C0A5574-E75A-46B9-89E8-B454CFEB14CC}.Release|Any CPU.ActiveCfg = Release|Any CPU
		{4C0A5574-E75A-46B9-89E8-B454CFEB14CC}.Release|Any CPU.Build.0 = Release|Any CPU
	EndGlobalSection
	GlobalSection(SolutionProperties) = preSolution
		HideSolutionNode = FALSE
	EndGlobalSection
	GlobalSection(ExtensibilityGlobals) = postSolution
		SolutionGuid = {0C038467-7FB7-4ADF-A1BB-5169C55CD622}
	EndGlobalSection
EndGlobal
